// !$*UTF8*$!
{
	archiveVersion = 1;
	classes = {
	};
	objectVersion = 46;
	objects = {

/* Begin PBXBuildFile section */
		4AC7BBF81BC988D00001BAE0 /* AppDelegate.swift in Sources */ = {isa = PBXBuildFile; fileRef = 4AC7BBF71BC988D00001BAE0 /* AppDelegate.swift */; };
		4AC7BBFA1BC988D10001BAE0 /* ViewController.swift in Sources */ = {isa = PBXBuildFile; fileRef = 4AC7BBF91BC988D10001BAE0 /* ViewController.swift */; };
		4AC7BBFD1BC988D10001BAE0 /* Main.storyboard in Resources */ = {isa = PBXBuildFile; fileRef = 4AC7BBFB1BC988D10001BAE0 /* Main.storyboard */; };
		4AC7BBFF1BC988D10001BAE0 /* Assets.xcassets in Resources */ = {isa = PBXBuildFile; fileRef = 4AC7BBFE1BC988D10001BAE0 /* Assets.xcassets */; };
		4AC7BC021BC988D10001BAE0 /* LaunchScreen.storyboard in Resources */ = {isa = PBXBuildFile; fileRef = 4AC7BC001BC988D10001BAE0 /* LaunchScreen.storyboard */; };
		4AC7BC0D1BC988D10001BAE0 /* BouncerTests.swift in Sources */ = {isa = PBXBuildFile; fileRef = 4AC7BC0C1BC988D10001BAE0 /* BouncerTests.swift */; };
		4AC7BC181BC988D10001BAE0 /* BouncerUITests.swift in Sources */ = {isa = PBXBuildFile; fileRef = 4AC7BC171BC988D10001BAE0 /* BouncerUITests.swift */; };
		4AC7BC281BC98AA50001BAE0 /* BouncerBehavior.swift in Sources */ = {isa = PBXBuildFile; fileRef = 4AC7BC271BC98AA50001BAE0 /* BouncerBehavior.swift */; settings = {ASSET_TAGS = (); }; };
/* End PBXBuildFile section */

/* Begin PBXContainerItemProxy section */
		4AC7BC091BC988D10001BAE0 /* PBXContainerItemProxy */ = {
			isa = PBXContainerItemProxy;
			containerPortal = 4AC7BBEC1BC988D00001BAE0 /* Project object */;
			proxyType = 1;
			remoteGlobalIDString = 4AC7BBF31BC988D00001BAE0;
			remoteInfo = Bouncer;
		};
		4AC7BC141BC988D10001BAE0 /* PBXContainerItemProxy */ = {
			isa = PBXContainerItemProxy;
			containerPortal = 4AC7BBEC1BC988D00001BAE0 /* Project object */;
			proxyType = 1;
			remoteGlobalIDString = 4AC7BBF31BC988D00001BAE0;
			remoteInfo = Bouncer;
		};
/* End PBXContainerItemProxy section */

/* Begin PBXFileReference section */
		4AC7BBF41BC988D00001BAE0 /* Bouncer.app */ = {isa = PBXFileReference; explicitFileType = wrapper.application; includeInIndex = 0; path = Bouncer.app; sourceTree = BUILT_PRODUCTS_DIR; };
		4AC7BBF71BC988D00001BAE0 /* AppDelegate.swift */ = {isa = PBXFileReference; lastKnownFileType = sourcecode.swift; path = AppDelegate.swift; sourceTree = "<group>"; };
		4AC7BBF91BC988D10001BAE0 /* ViewController.swift */ = {isa = PBXFileReference; lastKnownFileType = sourcecode.swift; path = ViewController.swift; sourceTree = "<group>"; };
		4AC7BBFC1BC988D10001BAE0 /* Base */ = {isa = PBXFileReference; lastKnownFileType = file.storyboard; name = Base; path = Base.lproj/Main.storyboard; sourceTree = "<group>"; };
		4AC7BBFE1BC988D10001BAE0 /* Assets.xcassets */ = {isa = PBXFileReference; lastKnownFileType = folder.assetcatalog; path = Assets.xcassets; sourceTree = "<group>"; };
		4AC7BC011BC988D10001BAE0 /* Base */ = {isa = PBXFileReference; lastKnownFileType = file.storyboard; name = Base; path = Base.lproj/LaunchScreen.storyboard; sourceTree = "<group>"; };
		4AC7BC031BC988D10001BAE0 /* Info.plist */ = {isa = PBXFileReference; lastKnownFileType = text.plist.xml; path = Info.plist; sourceTree = "<group>"; };
		4AC7BC081BC988D10001BAE0 /* BouncerTests.xctest */ = {isa = PBXFileReference; explicitFileType = wrapper.cfbundle; includeInIndex = 0; path = BouncerTests.xctest; sourceTree = BUILT_PRODUCTS_DIR; };
		4AC7BC0C1BC988D10001BAE0 /* BouncerTests.swift */ = {isa = PBXFileReference; lastKnownFileType = sourcecode.swift; path = BouncerTests.swift; sourceTree = "<group>"; };
		4AC7BC0E1BC988D10001BAE0 /* Info.plist */ = {isa = PBXFileReference; lastKnownFileType = text.plist.xml; path = Info.plist; sourceTree = "<group>"; };
		4AC7BC131BC988D10001BAE0 /* BouncerUITests.xctest */ = {isa = PBXFileReference; explicitFileType = wrapper.cfbundle; includeInIndex = 0; path = BouncerUITests.xctest; sourceTree = BUILT_PRODUCTS_DIR; };
		4AC7BC171BC988D10001BAE0 /* BouncerUITests.swift */ = {isa = PBXFileReference; lastKnownFileType = sourcecode.swift; path = BouncerUITests.swift; sourceTree = "<group>"; };
		4AC7BC191BC988D10001BAE0 /* Info.plist */ = {isa = PBXFileReference; lastKnownFileType = text.plist.xml; path = Info.plist; sourceTree = "<group>"; };
		4AC7BC271BC98AA50001BAE0 /* BouncerBehavior.swift */ = {isa = PBXFileReference; fileEncoding = 4; lastKnownFileType = sourcecode.swift; path = BouncerBehavior.swift; sourceTree = "<group>"; };
/* End PBXFileReference section */

/* Begin PBXFrameworksBuildPhase section */
		4AC7BBF11BC988D00001BAE0 /* Frameworks */ = {
			isa = PBXFrameworksBuildPhase;
			buildActionMask = 2147483647;
			files = (
			);
			runOnlyForDeploymentPostprocessing = 0;
		};
		4AC7BC051BC988D10001BAE0 /* Frameworks */ = {
			isa = PBXFrameworksBuildPhase;
			buildActionMask = 2147483647;
			files = (
			);
			runOnlyForDeploymentPostprocessing = 0;
		};
		4AC7BC101BC988D10001BAE0 /* Frameworks */ = {
			isa = PBXFrameworksBuildPhase;
			buildActionMask = 2147483647;
			files = (
			);
			runOnlyForDeploymentPostprocessing = 0;
		};
/* End PBXFrameworksBuildPhase section */

/* Begin PBXGroup section */
		4AC7BBEB1BC988D00001BAE0 = {
			isa = PBXGroup;
			children = (
				4AC7BBF61BC988D00001BAE0 /* Bouncer */,
				4AC7BC0B1BC988D10001BAE0 /* BouncerTests */,
				4AC7BC161BC988D10001BAE0 /* BouncerUITests */,
				4AC7BBF51BC988D00001BAE0 /* Products */,
			);
			sourceTree = "<group>";
		};
		4AC7BBF51BC988D00001BAE0 /* Products */ = {
			isa = PBXGroup;
			children = (
				4AC7BBF41BC988D00001BAE0 /* Bouncer.app */,
				4AC7BC081BC988D10001BAE0 /* BouncerTests.xctest */,
				4AC7BC131BC988D10001BAE0 /* BouncerUITests.xctest */,
			);
			name = Products;
			sourceTree = "<group>";
		};
		4AC7BBF61BC988D00001BAE0 /* Bouncer */ = {
			isa = PBXGroup;
			children = (
				4AC7BC271BC98AA50001BAE0 /* BouncerBehavior.swift */,
				4AC7BBF71BC988D00001BAE0 /* AppDelegate.swift */,
				4AC7BBF91BC988D10001BAE0 /* ViewController.swift */,
				4AC7BBFB1BC988D10001BAE0 /* Main.storyboard */,
				4AC7BBFE1BC988D10001BAE0 /* Assets.xcassets */,
				4AC7BC001BC988D10001BAE0 /* LaunchScreen.storyboard */,
				4AC7BC031BC988D10001BAE0 /* Info.plist */,
			);
			path = Bouncer;
			sourceTree = "<group>";
		};
		4AC7BC0B1BC988D10001BAE0 /* BouncerTests */ = {
			isa = PBXGroup;
			children = (
				4AC7BC0C1BC988D10001BAE0 /* BouncerTests.swift */,
				4AC7BC0E1BC988D10001BAE0 /* Info.plist */,
			);
			path = BouncerTests;
			sourceTree = "<group>";
		};
		4AC7BC161BC988D10001BAE0 /* BouncerUITests */ = {
			isa = PBXGroup;
			children = (
				4AC7BC171BC988D10001BAE0 /* BouncerUITests.swift */,
				4AC7BC191BC988D10001BAE0 /* Info.plist */,
			);
			path = BouncerUITests;
			sourceTree = "<group>";
		};
/* End PBXGroup section */

/* Begin PBXNativeTarget section */
		4AC7BBF31BC988D00001BAE0 /* Bouncer */ = {
			isa = PBXNativeTarget;
			buildConfigurationList = 4AC7BC1C1BC988D10001BAE0 /* Build configuration list for PBXNativeTarget "Bouncer" */;
			buildPhases = (
				4AC7BBF01BC988D00001BAE0 /* Sources */,
				4AC7BBF11BC988D00001BAE0 /* Frameworks */,
				4AC7BBF21BC988D00001BAE0 /* Resources */,
			);
			buildRules = (
			);
			dependencies = (
			);
			name = Bouncer;
			productName = Bouncer;
			productReference = 4AC7BBF41BC988D00001BAE0 /* Bouncer.app */;
			productType = "com.apple.product-type.application";
		};
		4AC7BC071BC988D10001BAE0 /* BouncerTests */ = {
			isa = PBXNativeTarget;
			buildConfigurationList = 4AC7BC1F1BC988D10001BAE0 /* Build configuration list for PBXNativeTarget "BouncerTests" */;
			buildPhases = (
				4AC7BC041BC988D10001BAE0 /* Sources */,
				4AC7BC051BC988D10001BAE0 /* Frameworks */,
				4AC7BC061BC988D10001BAE0 /* Resources */,
			);
			buildRules = (
			);
			dependencies = (
				4AC7BC0A1BC988D10001BAE0 /* PBXTargetDependency */,
			);
			name = BouncerTests;
			productName = BouncerTests;
			productReference = 4AC7BC081BC988D10001BAE0 /* BouncerTests.xctest */;
			productType = "com.apple.product-type.bundle.unit-test";
		};
		4AC7BC121BC988D10001BAE0 /* BouncerUITests */ = {
			isa = PBXNativeTarget;
			buildConfigurationList = 4AC7BC221BC988D10001BAE0 /* Build configuration list for PBXNativeTarget "BouncerUITests" */;
			buildPhases = (
				4AC7BC0F1BC988D10001BAE0 /* Sources */,
				4AC7BC101BC988D10001BAE0 /* Frameworks */,
				4AC7BC111BC988D10001BAE0 /* Resources */,
			);
			buildRules = (
			);
			dependencies = (
				4AC7BC151BC988D10001BAE0 /* PBXTargetDependency */,
			);
			name = BouncerUITests;
			productName = BouncerUITests;
			productReference = 4AC7BC131BC988D10001BAE0 /* BouncerUITests.xctest */;
			productType = "com.apple.product-type.bundle.ui-testing";
		};
/* End PBXNativeTarget section */

/* Begin PBXProject section */
		4AC7BBEC1BC988D00001BAE0 /* Project object */ = {
			isa = PBXProject;
			attributes = {
				LastUpgradeCheck = 0700;
				ORGANIZATIONNAME = nevercry;
				TargetAttributes = {
					4AC7BBF31BC988D00001BAE0 = {
						CreatedOnToolsVersion = 7.0.1;
						DevelopmentTeam = L8463XAM23;
					};
					4AC7BC071BC988D10001BAE0 = {
						CreatedOnToolsVersion = 7.0.1;
						DevelopmentTeam = L8463XAM23;
						TestTargetID = 4AC7BBF31BC988D00001BAE0;
					};
					4AC7BC121BC988D10001BAE0 = {
						CreatedOnToolsVersion = 7.0.1;
						DevelopmentTeam = L8463XAM23;
						TestTargetID = 4AC7BBF31BC988D00001BAE0;
					};
				};
			};
			buildConfigurationList = 4AC7BBEF1BC988D00001BAE0 /* Build configuration list for PBXProject "Bouncer" */;
			compatibilityVersion = "Xcode 3.2";
			developmentRegion = English;
			hasScannedForEncodings = 0;
			knownRegions = (
				en,
				Base,
			);
			mainGroup = 4AC7BBEB1BC988D00001BAE0;
			productRefGroup = 4AC7BBF51BC988D00001BAE0 /* Products */;
			projectDirPath = "";
			projectRoot = "";
			targets = (
				4AC7BBF31BC988D00001BAE0 /* Bouncer */,
				4AC7BC071BC988D10001BAE0 /* BouncerTests */,
				4AC7BC121BC988D10001BAE0 /* BouncerUITests */,
			);
		};
/* End PBXProject section */

/* Begin PBXResourcesBuildPhase section */
		4AC7BBF21BC988D00001BAE0 /* Resources */ = {
			isa = PBXResourcesBuildPhase;
			buildActionMask = 2147483647;
			files = (
				4AC7BC021BC988D10001BAE0 /* LaunchScreen.storyboard in Resources */,
				4AC7BBFF1BC988D10001BAE0 /* Assets.xcassets in Resources */,
				4AC7BBFD1BC988D10001BAE0 /* Main.storyboard in Resources */,
			);
			runOnlyForDeploymentPostprocessing = 0;
		};
		4AC7BC061BC988D10001BAE0 /* Resources */ = {
			isa = PBXResourcesBuildPhase;
			buildActionMask = 2147483647;
			files = (
			);
			runOnlyForDeploymentPostprocessing = 0;
		};
		4AC7BC111BC988D10001BAE0 /* Resources */ = {
			isa = PBXResourcesBuildPhase;
			buildActionMask = 2147483647;
			files = (
			);
			runOnlyForDeploymentPostprocessing = 0;
		};
/* End PBXResourcesBuildPhase section */

/* Begin PBXSourcesBuildPhase section */
		4AC7BBF01BC988D00001BAE0 /* Sources */ = {
			isa = PBXSourcesBuildPhase;
			buildActionMask = 2147483647;
			files = (
				4AC7BBFA1BC988D10001BAE0 /* ViewController.swift in Sources */,
				4AC7BBF81BC988D00001BAE0 /* AppDelegate.swift in Sources */,
				4AC7BC281BC98AA50001BAE0 /* BouncerBehavior.swift in Sources */,
			);
			runOnlyForDeploymentPostprocessing = 0;
		};
		4AC7BC041BC988D10001BAE0 /* Sources */ = {
			isa = PBXSourcesBuildPhase;
			buildActionMask = 2147483647;
			files = (
				4AC7BC0D1BC988D10001BAE0 /* BouncerTests.swift in Sources */,
			);
			runOnlyForDeploymentPostprocessing = 0;
		};
		4AC7BC0F1BC988D10001BAE0 /* Sources */ = {
			isa = PBXSourcesBuildPhase;
			buildActionMask = 2147483647;
			files = (
				4AC7BC181BC988D10001BAE0 /* BouncerUITests.swift in Sources */,
			);
			runOnlyForDeploymentPostprocessing = 0;
		};
/* End PBXSourcesBuildPhase section */

/* Begin PBXTargetDependency section */
		4AC7BC0A1BC988D10001BAE0 /* PBXTargetDependency */ = {
			isa = PBXTargetDependency;
			target = 4AC7BBF31BC988D00001BAE0 /* Bouncer */;
			targetProxy = 4AC7BC091BC988D10001BAE0 /* PBXContainerItemProxy */;
		};
		4AC7BC151BC988D10001BAE0 /* PBXTargetDependency */ = {
			isa = PBXTargetDependency;
			target = 4AC7BBF31BC988D00001BAE0 /* Bouncer */;
			targetProxy = 4AC7BC141BC988D10001BAE0 /* PBXContainerItemProxy */;
		};
/* End PBXTargetDependency section */

/* Begin PBXVariantGroup section */
		4AC7BBFB1BC988D10001BAE0 /* Main.storyboard */ = {
			isa = PBXVariantGroup;
			children = (
				4AC7BBFC1BC988D10001BAE0 /* Base */,
			);
			name = Main.storyboard;
			sourceTree = "<group>";
		};
		4AC7BC001BC988D10001BAE0 /* LaunchScreen.storyboard */ = {
			isa = PBXVariantGroup;
			children = (
				4AC7BC011BC988D10001BAE0 /* Base */,
			);
			name = LaunchScreen.storyboard;
			sourceTree = "<group>";
		};
/* End PBXVariantGroup section */

/* Begin XCBuildConfiguration section */
		4AC7BC1A1BC988D10001BAE0 /* Debug */ = {
			isa = XCBuildConfiguration;
			buildSettings = {
				ALWAYS_SEARCH_USER_PATHS = NO;
				CLANG_CXX_LANGUAGE_STANDARD = "gnu++0x";
				CLANG_CXX_LIBRARY = "libc++";
				CLANG_ENABLE_MODULES = YES;
				CLANG_ENABLE_OBJC_ARC = YES;
				CLANG_WARN_BOOL_CONVERSION = YES;
				CLANG_WARN_CONSTANT_CONVERSION = YES;
				CLANG_WARN_DIRECT_OBJC_ISA_USAGE = YES_ERROR;
				CLANG_WARN_EMPTY_BODY = YES;
				CLANG_WARN_ENUM_CONVERSION = YES;
				CLANG_WARN_INT_CONVERSION = YES;
				CLANG_WARN_OBJC_ROOT_CLASS = YES_ERROR;
				CLANG_WARN_UNREACHABLE_CODE = YES;
				CLANG_WARN__DUPLICATE_METHOD_MATCH = YES;
				"CODE_SIGN_IDENTITY[sdk=iphoneos*]" = "iPhone Developer";
				COPY_PHASE_STRIP = NO;
				DEBUG_INFORMATION_FORMAT = dwarf;
				ENABLE_STRICT_OBJC_MSGSEND = YES;
				ENABLE_TESTABILITY = YES;
				GCC_C_LANGUAGE_STANDARD = gnu99;
				GCC_DYNAMIC_NO_PIC = NO;
				GCC_NO_COMMON_BLOCKS = YES;
				GCC_OPTIMIZATION_LEVEL = 0;
				GCC_PREPROCESSOR_DEFINITIONS = (
					"DEBUG=1",
					"$(inherited)",
				);
				GCC_WARN_64_TO_32_BIT_CONVERSION = YES;
				GCC_WARN_ABOUT_RETURN_TYPE = YES_ERROR;
				GCC_WARN_UNDECLARED_SELECTOR = YES;
				GCC_WARN_UNINITIALIZED_AUTOS = YES_AGGRESSIVE;
				GCC_WARN_UNUSED_FUNCTION = YES;
				GCC_WARN_UNUSED_VARIABLE = YES;
				IPHONEOS_DEPLOYMENT_TARGET = 9.0;
				MTL_ENABLE_DEBUG_INFO = YES;
				ONLY_ACTIVE_ARCH = YES;
				SDKROOT = iphoneos;
				SWIFT_OPTIMIZATION_LEVEL = "-Onone";
				TARGETED_DEVICE_FAMILY = "1,2";
			};
			name = Debug;
		};
		4AC7BC1B1BC988D10001BAE0 /* Release */ = {
			isa = XCBuildConfiguration;
			buildSettings = {
				ALWAYS_SEARCH_USER_PATHS = NO;
				CLANG_CXX_LANGUAGE_STANDARD = "gnu++0x";
				CLANG_CXX_LIBRARY = "libc++";
				CLANG_ENABLE_MODULES = YES;
				CLANG_ENABLE_OBJC_ARC = YES;
				CLANG_WARN_BOOL_CONVERSION = YES;
				CLANG_WARN_CONSTANT_CONVERSION = YES;
				CLANG_WARN_DIRECT_OBJC_ISA_USAGE = YES_ERROR;
				CLANG_WARN_EMPTY_BODY = YES;
				CLANG_WARN_ENUM_CONVERSION = YES;
				CLANG_WARN_INT_CONVERSION = YES;
				CLANG_WARN_OBJC_ROOT_CLASS = YES_ERROR;
				CLANG_WARN_UNREACHABLE_CODE = YES;
				CLANG_WARN__DUPLICATE_METHOD_MATCH = YES;
				"CODE_SIGN_IDENTITY[sdk=iphoneos*]" = "iPhone Developer";
				COPY_PHASE_STRIP = NO;
				DEBUG_INFORMATION_FORMAT = "dwarf-with-dsym";
				ENABLE_NS_ASSERTIONS = NO;
				ENABLE_STRICT_OBJC_MSGSEND = YES;
				GCC_C_LANGUAGE_STANDARD = gnu99;
				GCC_NO_COMMON_BLOCKS = YES;
				GCC_WARN_64_TO_32_BIT_CONVERSION = YES;
				GCC_WARN_ABOUT_RETURN_TYPE = YES_ERROR;
				GCC_WARN_UNDECLARED_SELECTOR = YES;
				GCC_WARN_UNINITIALIZED_AUTOS = YES_AGGRESSIVE;
				GCC_WARN_UNUSED_FUNCTION = YES;
				GCC_WARN_UNUSED_VARIABLE = YES;
				IPHONEOS_DEPLOYMENT_TARGET = 9.0;
				MTL_ENABLE_DEBUG_INFO = NO;
				SDKROOT = iphoneos;
				TARGETED_DEVICE_FAMILY = "1,2";
				VALIDATE_PRODUCT = YES;
			};
			name = Release;
		};
		4AC7BC1D1BC988D10001BAE0 /* Debug */ = {
			isa = XCBuildConfiguration;
			buildSettings = {
				ASSETCATALOG_COMPILER_APPICON_NAME = AppIcon;
				INFOPLIST_FILE = Bouncer/Info.plist;
				LD_RUNPATH_SEARCH_PATHS = "$(inherited) @executable_path/Frameworks";
				PRODUCT_BUNDLE_IDENTIFIER = com.nevercry.Bouncer;
				PRODUCT_NAME = "$(TARGET_NAME)";
			};
			name = Debug;
		};
		4AC7BC1E1BC988D10001BAE0 /* Release */ = {
			isa = XCBuildConfiguration;
			buildSettings = {
				ASSETCATALOG_COMPILER_APPICON_NAME = AppIcon;
				INFOPLIST_FILE = Bouncer/Info.plist;
				LD_RUNPATH_SEARCH_PATHS = "$(inherited) @executable_path/Frameworks";
				PRODUCT_BUNDLE_IDENTIFIER = com.nevercry.Bouncer;
				PRODUCT_NAME = "$(TARGET_NAME)";
			};
			name = Release;
		};
		4AC7BC201BC988D10001BAE0 /* Debug */ = {
			isa = XCBuildConfiguration;
			buildSettings = {
				BUNDLE_LOADER = "$(TEST_HOST)";
				INFOPLIST_FILE = BouncerTests/Info.plist;
				LD_RUNPATH_SEARCH_PATHS = "$(inherited) @executable_path/Frameworks @loader_path/Frameworks";
				PRODUCT_BUNDLE_IDENTIFIER = com.nevercry.BouncerTests;
				PRODUCT_NAME = "$(TARGET_NAME)";
				TEST_HOST = "$(BUILT_PRODUCTS_DIR)/Bouncer.app/Bouncer";
			};
			name = Debug;
		};
		4AC7BC211BC988D10001BAE0 /* Release */ = {
			isa = XCBuildConfiguration;
			buildSettings = {
				BUNDLE_LOADER = "$(TEST_HOST)";
				INFOPLIST_FILE = BouncerTests/Info.plist;
				LD_RUNPATH_SEARCH_PATHS = "$(inherited) @executable_path/Frameworks @loader_path/Frameworks";
				PRODUCT_BUNDLE_IDENTIFIER = com.nevercry.BouncerTests;
				PRODUCT_NAME = "$(TARGET_NAME)";
				TEST_HOST = "$(BUILT_PRODUCTS_DIR)/Bouncer.app/Bouncer";
			};
			name = Release;
		};
		4AC7BC231BC988D10001BAE0 /* Debug */ = {
			isa = XCBuildConfiguration;
			buildSettings = {
				INFOPLIST_FILE = BouncerUITests/Info.plist;
				LD_RUNPATH_SEARCH_PATHS = "$(inherited) @executable_path/Frameworks @loader_path/Frameworks";
				PRODUCT_BUNDLE_IDENTIFIER = com.nevercry.BouncerUITests;
				PRODUCT_NAME = "$(TARGET_NAME)";
				TEST_TARGET_NAME = Bouncer;
				USES_XCTRUNNER = YES;
			};
			name = Debug;
		};
		4AC7BC241BC988D10001BAE0 /* Release */ = {
			isa = XCBuildConfiguration;
			buildSettings = {
				INFOPLIST_FILE = BouncerUITests/Info.plist;
				LD_RUNPATH_SEARCH_PATHS = "$(inherited) @executable_path/Frameworks @loader_path/Frameworks";
				PRODUCT_BUNDLE_IDENTIFIER = com.nevercry.BouncerUITests;
				PRODUCT_NAME = "$(TARGET_NAME)";
				TEST_TARGET_NAME = Bouncer;
				USES_XCTRUNNER = YES;
			};
			name = Release;
		};
/* End XCBuildConfiguration section */

/* Begin XCConfigurationList section */
		4AC7BBEF1BC988D00001BAE0 /* Build configuration list for PBXProject "Bouncer" */ = {
			isa = XCConfigurationList;
			buildConfigurations = (
				4AC7BC1A1BC988D10001BAE0 /* Debug */,
				4AC7BC1B1BC988D10001BAE0 /* Release */,
			);
			defaultConfigurationIsVisible = 0;
			defaultConfigurationName = Release;
		};
		4AC7BC1C1BC988D10001BAE0 /* Build configuration list for PBXNativeTarget "Bouncer" */ = {
			isa = XCConfigurationList;
			buildConfigurations = (
				4AC7BC1D1BC988D10001BAE0 /* Debug */,
				4AC7BC1E1BC988D10001BAE0 /* Release */,
			);
			defaultConfigurationIsVisible = 0;
			defaultConfigurationName = Release;
		};
		4AC7BC1F1BC988D10001BAE0 /* Build configuration list for PBXNativeTarget "BouncerTests" */ = {
			isa = XCConfigurationList;
			buildConfigurations = (
				4AC7BC201BC988D10001BAE0 /* Debug */,
				4AC7BC211BC988D10001BAE0 /* Release */,
			);
			defaultConfigurationIsVisible = 0;
			defaultConfigurationName = Release;
		};
		4AC7BC221BC988D10001BAE0 /* Build configuration list for PBXNativeTarget "BouncerUITests" */ = {
			isa = XCConfigurationList;
			buildConfigurations = (
				4AC7BC231BC988D10001BAE0 /* Debug */,
				4AC7BC241BC988D10001BAE0 /* Release */,
			);
			defaultConfigurationIsVisible = 0;
			defaultConfigurationName = Release;
		};
/* End XCConfigurationList section */
	};
	rootObject = 4AC7BBEC1BC988D00001BAE0 /* Project object */;
}
